
Microsoft Visual Studio Solution File, Format Version 12.00
# Visual Studio Version 17
VisualStudioVersion = 17.0.31903.59
MinimumVisualStudioVersion = 10.0.40219.1
Project("{FAE04EC0-301F-11D3-BF4B-00C04F79EFBC}") = "ValueGuard", "Sources\ValueGuard\ValueGuard.csproj", "{ABB38D00-1D81-4C4B-93ED-92C264E9422B}"
EndProject
Project("{FAE04EC0-301F-11D3-BF4B-00C04F79EFBC}") = "ValueGuard.Tests", "Tests\ValueGuard.Tests\ValueGuard.Tests.csproj", "{37229EF6-1761-475A-8FE3-036AF5D6005D}"
EndProject
Global
	GlobalSection(SolutionConfigurationPlatforms) = preSolution
		Debug|Any CPU = Debug|Any CPU
		Release|Any CPU = Release|Any CPU
	EndGlobalSection
	GlobalSection(SolutionProperties) = preSolution
		HideSolutionNode = FALSE
	EndGlobalSection
	GlobalSection(ProjectConfigurationPlatforms) = postSolution
		{ABB38D00-1D81-4C4B-93ED-92C264E9422B}.Debug|Any CPU.ActiveCfg = Debug|Any CPU
		{ABB38D00-1D81-4C4B-93ED-92C264E9422B}.Debug|Any CPU.Build.0 = Debug|Any CPU
		{ABB38D00-1D81-4C4B-93ED-92C264E9422B}.Release|Any CPU.ActiveCfg = Release|Any CPU
		{ABB38D00-1D81-4C4B-93ED-92C264E9422B}.Release|Any CPU.Build.0 = Release|Any CPU
		{37229EF6-1761-475A-8FE3-036AF5D6005D}.Debug|Any CPU.ActiveCfg = Debug|Any CPU
		{37229EF6-1761-475A-8FE3-036AF5D6005D}.Debug|Any CPU.Build.0 = Debug|Any CPU
		{37229EF6-1761-475A-8FE3-036AF5D6005D}.Release|Any CPU.ActiveCfg = Release|Any CPU
		{37229EF6-1761-475A-8FE3-036AF5D6005D}.Release|Any CPU.Build.0 = Release|Any CPU
	EndGlobalSection
EndGlobal
